
Microsoft Visual Studio Solution File, Format Version 12.00
# Visual Studio Version 17
VisualStudioVersion = 17.7.34024.191
MinimumVisualStudioVersion = 10.0.40219.1
Project("{FAE04EC0-301F-11D3-BF4B-00C04F79EFBC}") = "Epicode_S1_L3_BackEnd", "Epicode_S1_L3_BackEnd\Epicode_S1_L3_BackEnd.csproj", "{86E9B2FC-E974-4151-B3F7-5E5E5F5793E6}"
EndProject
Global
	GlobalSection(SolutionConfigurationPlatforms) = preSolution
		Debug|Any CPU = Debug|Any CPU
		Release|Any CPU = Release|Any CPU
	EndGlobalSection
	GlobalSection(ProjectConfigurationPlatforms) = postSolution
		{86E9B2FC-E974-4151-B3F7-5E5E5F5793E6}.Debug|Any CPU.ActiveCfg = Debug|Any CPU
		{86E9B2FC-E974-4151-B3F7-5E5E5F5793E6}.Debug|Any CPU.Build.0 = Debug|Any CPU
		{86E9B2FC-E974-4151-B3F7-5E5E5F5793E6}.Release|Any CPU.ActiveCfg = Release|Any CPU
		{86E9B2FC-E974-4151-B3F7-5E5E5F5793E6}.Release|Any CPU.Build.0 = Release|Any CPU
	EndGlobalSection
	GlobalSection(SolutionProperties) = preSolution
		HideSolutionNode = FALSE
	EndGlobalSection
	GlobalSection(ExtensibilityGlobals) = postSolution
		SolutionGuid = {48EF8D42-F518-440D-8FAA-0EB74DAA7076}
	EndGlobalSection
EndGlobal
